
Microsoft Visual Studio Solution File, Format Version 12.00
# Visual Studio 15
VisualStudioVersion = 15.0.28307.136
MinimumVisualStudioVersion = 10.0.40219.1
Project("{FAE04EC0-301F-11D3-BF4B-00C04F79EFBC}") = "Abc.Core", "Abc.Core\Abc.Core.csproj", "{693B69A1-B6C5-450A-BE9D-167A122B3913}"
EndProject
Project("{FAE04EC0-301F-11D3-BF4B-00C04F79EFBC}") = "Abc.Entities", "Abc.Entities\Abc.Entities.csproj", "{0060DE72-875C-4A7D-9BB4-3D0CFB0210DE}"
EndProject
Project("{FAE04EC0-301F-11D3-BF4B-00C04F79EFBC}") = "Abc.DataAccess", "Abc.DataAccess\Abc.DataAccess.csproj", "{CEB5DFDD-BEF8-4F7D-80BD-1C2F1842C3DC}"
EndProject
Project("{FAE04EC0-301F-11D3-BF4B-00C04F79EFBC}") = "Abc.Business", "Abc.Business\Abc.Business.csproj", "{A6E17CD5-B6B8-47FE-A013-692813EF6E88}"
EndProject
Project("{FAE04EC0-301F-11D3-BF4B-00C04F79EFBC}") = "Abc.MvcWebUI", "Abc.MvcWebUI\Abc.MvcWebUI.csproj", "{3B011A33-0A1F-4F20-AAD6-DD05B696AC02}"
EndProject
Global
	GlobalSection(SolutionConfigurationPlatforms) = preSolution
		Debug|Any CPU = Debug|Any CPU
		Release|Any CPU = Release|Any CPU
	EndGlobalSection
	GlobalSection(ProjectConfigurationPlatforms) = postSolution
		{693B69A1-B6C5-450A-BE9D-167A122B3913}.Debug|Any CPU.ActiveCfg = Debug|Any CPU
		{693B69A1-B6C5-450A-BE9D-167A122B3913}.Debug|Any CPU.Build.0 = Debug|Any CPU
		{693B69A1-B6C5-450A-BE9D-167A122B3913}.Release|Any CPU.ActiveCfg = Release|Any CPU
		{693B69A1-B6C5-450A-BE9D-167A122B3913}.Release|Any CPU.Build.0 = Release|Any CPU
		{0060DE72-875C-4A7D-9BB4-3D0CFB0210DE}.Debug|Any CPU.ActiveCfg = Debug|Any CPU
		{0060DE72-875C-4A7D-9BB4-3D0CFB0210DE}.Debug|Any CPU.Build.0 = Debug|Any CPU
		{0060DE72-875C-4A7D-9BB4-3D0CFB0210DE}.Release|Any CPU.ActiveCfg = Release|Any CPU
		{0060DE72-875C-4A7D-9BB4-3D0CFB0210DE}.Release|Any CPU.Build.0 = Release|Any CPU
		{CEB5DFDD-BEF8-4F7D-80BD-1C2F1842C3DC}.Debug|Any CPU.ActiveCfg = Debug|Any CPU
		{CEB5DFDD-BEF8-4F7D-80BD-1C2F1842C3DC}.Debug|Any CPU.Build.0 = Debug|Any CPU
		{CEB5DFDD-BEF8-4F7D-80BD-1C2F1842C3DC}.Release|Any CPU.ActiveCfg = Release|Any CPU
		{CEB5DFDD-BEF8-4F7D-80BD-1C2F1842C3DC}.Release|Any CPU.Build.0 = Release|Any CPU
		{A6E17CD5-B6B8-47FE-A013-692813EF6E88}.Debug|Any CPU.ActiveCfg = Debug|Any CPU
		{A6E17CD5-B6B8-47FE-A013-692813EF6E88}.Debug|Any CPU.Build.0 = Debug|Any CPU
		{A6E17CD5-B6B8-47FE-A013-692813EF6E88}.Release|Any CPU.ActiveCfg = Release|Any CPU
		{A6E17CD5-B6B8-47FE-A013-692813EF6E88}.Release|Any CPU.Build.0 = Release|Any CPU
		{3B011A33-0A1F-4F20-AAD6-DD05B696AC02}.Debug|Any CPU.ActiveCfg = Debug|Any CPU
		{3B011A33-0A1F-4F20-AAD6-DD05B696AC02}.Debug|Any CPU.Build.0 = Debug|Any CPU
		{3B011A33-0A1F-4F20-AAD6-DD05B696AC02}.Release|Any CPU.ActiveCfg = Release|Any CPU
		{3B011A33-0A1F-4F20-AAD6-DD05B696AC02}.Release|Any CPU.Build.0 = Release|Any CPU
	EndGlobalSection
	GlobalSection(SolutionProperties) = preSolution
		HideSolutionNode = FALSE
	EndGlobalSection
	GlobalSection(ExtensibilityGlobals) = postSolution
		SolutionGuid = {D5986F9D-A720-4B04-8DCB-1EEFDDC1CA3E}
	EndGlobalSection
EndGlobal
